// !$*UTF8*$!
{
	archiveVersion = 1;
	classes = {
	};
	objectVersion = 56;
	objects = {

/* Begin PBXBuildFile section */
		84C7D75C29BB5CBA00707B28 /* Montserrat-Light.ttf in Resources */ = {isa = PBXBuildFile; fileRef = 84C7D74A29BB5CBA00707B28 /* Montserrat-Light.ttf */; };
		84C7D75D29BB5CBA00707B28 /* Montserrat-SemiBold.ttf in Resources */ = {isa = PBXBuildFile; fileRef = 84C7D74B29BB5CBA00707B28 /* Montserrat-SemiBold.ttf */; };
		84C7D75E29BB5CBA00707B28 /* Montserrat-Thin.ttf in Resources */ = {isa = PBXBuildFile; fileRef = 84C7D74C29BB5CBA00707B28 /* Montserrat-Thin.ttf */; };
		84C7D76029BB5CBA00707B28 /* Montserrat-Medium.ttf in Resources */ = {isa = PBXBuildFile; fileRef = 84C7D74E29BB5CBA00707B28 /* Montserrat-Medium.ttf */; };
		84C7D76129BB5CBA00707B28 /* Montserrat-Bold.ttf in Resources */ = {isa = PBXBuildFile; fileRef = 84C7D74F29BB5CBA00707B28 /* Montserrat-Bold.ttf */; };
		84C7D76329BB5CBA00707B28 /* Montserrat-Black.ttf in Resources */ = {isa = PBXBuildFile; fileRef = 84C7D75129BB5CBA00707B28 /* Montserrat-Black.ttf */; };
		84C7D76429BB5CBA00707B28 /* Montserrat-ExtraLight.ttf in Resources */ = {isa = PBXBuildFile; fileRef = 84C7D75229BB5CBA00707B28 /* Montserrat-ExtraLight.ttf */; };
		84C7D76529BB5CBA00707B28 /* Montserrat-ExtraBold.ttf in Resources */ = {isa = PBXBuildFile; fileRef = 84C7D75329BB5CBA00707B28 /* Montserrat-ExtraBold.ttf */; };
		84C7D76629BB5CBA00707B28 /* Montserrat-Regular.ttf in Resources */ = {isa = PBXBuildFile; fileRef = 84C7D75429BB5CBA00707B28 /* Montserrat-Regular.ttf */; };
		84C7D76A29BB5CE400707B28 /* Font+Extension.swift in Sources */ = {isa = PBXBuildFile; fileRef = 84C7D76929BB5CE400707B28 /* Font+Extension.swift */; };
		84C7D77029BB634500707B28 /* MainTextField.swift in Sources */ = {isa = PBXBuildFile; fileRef = 84C7D76F29BB634500707B28 /* MainTextField.swift */; };
		84C7D77229BB66A100707B28 /* Color+Extension.swift in Sources */ = {isa = PBXBuildFile; fileRef = 84C7D77129BB66A100707B28 /* Color+Extension.swift */; };
		84C7D77429BB6B9E00707B28 /* View+Extension.swift in Sources */ = {isa = PBXBuildFile; fileRef = 84C7D77329BB6B9E00707B28 /* View+Extension.swift */; };
		84C7D77929BB6FBD00707B28 /* OvalTextFieldStyle.swift in Sources */ = {isa = PBXBuildFile; fileRef = 84C7D77829BB6FBD00707B28 /* OvalTextFieldStyle.swift */; };
		84C7D77B29BB714300707B28 /* BigButtonStyle.swift in Sources */ = {isa = PBXBuildFile; fileRef = 84C7D77A29BB714300707B28 /* BigButtonStyle.swift */; };
		84C7D78229BB797000707B28 /* TextFieldsStack.swift in Sources */ = {isa = PBXBuildFile; fileRef = 84C7D78129BB797000707B28 /* TextFieldsStack.swift */; };
		84C7D78529BB79C000707B28 /* InputProfileModel.swift in Sources */ = {isa = PBXBuildFile; fileRef = 84C7D78429BB79C000707B28 /* InputProfileModel.swift */; };
		84C7D78729BB7CA500707B28 /* SignInServiceButton.swift in Sources */ = {isa = PBXBuildFile; fileRef = 84C7D78629BB7CA500707B28 /* SignInServiceButton.swift */; };
		84C7D78929BB7DA800707B28 /* Image+Extension.swift in Sources */ = {isa = PBXBuildFile; fileRef = 84C7D78829BB7DA800707B28 /* Image+Extension.swift */; };
		84C7D78B29BB812300707B28 /* SingInServiceStack.swift in Sources */ = {isa = PBXBuildFile; fileRef = 84C7D78A29BB812300707B28 /* SingInServiceStack.swift */; };
		84C7D78D29BB81C900707B28 /* SignInView.swift in Sources */ = {isa = PBXBuildFile; fileRef = 84C7D78C29BB81C900707B28 /* SignInView.swift */; };
		84C7D79329BCDF5C00707B28 /* PasswordSecureField.swift in Sources */ = {isa = PBXBuildFile; fileRef = 84C7D79229BCDF5C00707B28 /* PasswordSecureField.swift */; };
		84C7D79529BCED7C00707B28 /* LogInTextFieldStack.swift in Sources */ = {isa = PBXBuildFile; fileRef = 84C7D79429BCED7C00707B28 /* LogInTextFieldStack.swift */; };
		84C7D79829BCF00000707B28 /* LogInStack.swift in Sources */ = {isa = PBXBuildFile; fileRef = 84C7D79729BCF00000707B28 /* LogInStack.swift */; };
		84C7D79C29BCF14100707B28 /* TitleStyleText.swift in Sources */ = {isa = PBXBuildFile; fileRef = 84C7D79B29BCF14100707B28 /* TitleStyleText.swift */; };
		84C7D79E29BCF21100707B28 /* BigButtonView.swift in Sources */ = {isa = PBXBuildFile; fileRef = 84C7D79D29BCF21100707B28 /* BigButtonView.swift */; };
		84C7D7A029BCF2A300707B28 /* LogInView.swift in Sources */ = {isa = PBXBuildFile; fileRef = 84C7D79F29BCF2A300707B28 /* LogInView.swift */; };
		84C7D7A229BDEB3600707B28 /* TabBarButton.swift in Sources */ = {isa = PBXBuildFile; fileRef = 84C7D7A129BDEB3600707B28 /* TabBarButton.swift */; };
		84C7D7A529BDEE2100707B28 /* TabBarView.swift in Sources */ = {isa = PBXBuildFile; fileRef = 84C7D7A429BDEE2100707B28 /* TabBarView.swift */; };
		84C7D7A729BDF9A700707B28 /* RoundedCornerShape.swift in Sources */ = {isa = PBXBuildFile; fileRef = 84C7D7A629BDF9A700707B28 /* RoundedCornerShape.swift */; };
		84C7D7AC29BE330E00707B28 /* PhotoCircleView.swift in Sources */ = {isa = PBXBuildFile; fileRef = 84C7D7AB29BE330E00707B28 /* PhotoCircleView.swift */; };
		84F6E21F29BB5B51000B05D7 /* SShopApp.swift in Sources */ = {isa = PBXBuildFile; fileRef = 84F6E21E29BB5B51000B05D7 /* SShopApp.swift */; };
		84F6E22129BB5B51000B05D7 /* ContentView.swift in Sources */ = {isa = PBXBuildFile; fileRef = 84F6E22029BB5B51000B05D7 /* ContentView.swift */; };
		84F6E22329BB5B52000B05D7 /* Assets.xcassets in Resources */ = {isa = PBXBuildFile; fileRef = 84F6E22229BB5B52000B05D7 /* Assets.xcassets */; };
		84F6E22629BB5B52000B05D7 /* Preview Assets.xcassets in Resources */ = {isa = PBXBuildFile; fileRef = 84F6E22529BB5B52000B05D7 /* Preview Assets.xcassets */; };
/* End PBXBuildFile section */

/* Begin PBXFileReference section */
		84C7D74A29BB5CBA00707B28 /* Montserrat-Light.ttf */ = {isa = PBXFileReference; lastKnownFileType = file; path = "Montserrat-Light.ttf"; sourceTree = "<group>"; };
		84C7D74B29BB5CBA00707B28 /* Montserrat-SemiBold.ttf */ = {isa = PBXFileReference; lastKnownFileType = file; path = "Montserrat-SemiBold.ttf"; sourceTree = "<group>"; };
		84C7D74C29BB5CBA00707B28 /* Montserrat-Thin.ttf */ = {isa = PBXFileReference; lastKnownFileType = file; path = "Montserrat-Thin.ttf"; sourceTree = "<group>"; };
		84C7D74E29BB5CBA00707B28 /* Montserrat-Medium.ttf */ = {isa = PBXFileReference; lastKnownFileType = file; path = "Montserrat-Medium.ttf"; sourceTree = "<group>"; };
		84C7D74F29BB5CBA00707B28 /* Montserrat-Bold.ttf */ = {isa = PBXFileReference; lastKnownFileType = file; path = "Montserrat-Bold.ttf"; sourceTree = "<group>"; };
		84C7D75129BB5CBA00707B28 /* Montserrat-Black.ttf */ = {isa = PBXFileReference; lastKnownFileType = file; path = "Montserrat-Black.ttf"; sourceTree = "<group>"; };
		84C7D75229BB5CBA00707B28 /* Montserrat-ExtraLight.ttf */ = {isa = PBXFileReference; lastKnownFileType = file; path = "Montserrat-ExtraLight.ttf"; sourceTree = "<group>"; };
		84C7D75329BB5CBA00707B28 /* Montserrat-ExtraBold.ttf */ = {isa = PBXFileReference; lastKnownFileType = file; path = "Montserrat-ExtraBold.ttf"; sourceTree = "<group>"; };
		84C7D75429BB5CBA00707B28 /* Montserrat-Regular.ttf */ = {isa = PBXFileReference; lastKnownFileType = file; path = "Montserrat-Regular.ttf"; sourceTree = "<group>"; };
		84C7D76929BB5CE400707B28 /* Font+Extension.swift */ = {isa = PBXFileReference; lastKnownFileType = sourcecode.swift; path = "Font+Extension.swift"; sourceTree = "<group>"; };
		84C7D76D29BB60A200707B28 /* Info.plist */ = {isa = PBXFileReference; lastKnownFileType = text.plist.xml; path = Info.plist; sourceTree = "<group>"; };
		84C7D76F29BB634500707B28 /* MainTextField.swift */ = {isa = PBXFileReference; lastKnownFileType = sourcecode.swift; path = MainTextField.swift; sourceTree = "<group>"; };
		84C7D77129BB66A100707B28 /* Color+Extension.swift */ = {isa = PBXFileReference; lastKnownFileType = sourcecode.swift; path = "Color+Extension.swift"; sourceTree = "<group>"; };
		84C7D77329BB6B9E00707B28 /* View+Extension.swift */ = {isa = PBXFileReference; lastKnownFileType = sourcecode.swift; path = "View+Extension.swift"; sourceTree = "<group>"; };
		84C7D77829BB6FBD00707B28 /* OvalTextFieldStyle.swift */ = {isa = PBXFileReference; lastKnownFileType = sourcecode.swift; path = OvalTextFieldStyle.swift; sourceTree = "<group>"; };
		84C7D77A29BB714300707B28 /* BigButtonStyle.swift */ = {isa = PBXFileReference; lastKnownFileType = sourcecode.swift; path = BigButtonStyle.swift; sourceTree = "<group>"; };
		84C7D78129BB797000707B28 /* TextFieldsStack.swift */ = {isa = PBXFileReference; lastKnownFileType = sourcecode.swift; path = TextFieldsStack.swift; sourceTree = "<group>"; };
		84C7D78429BB79C000707B28 /* InputProfileModel.swift */ = {isa = PBXFileReference; lastKnownFileType = sourcecode.swift; path = InputProfileModel.swift; sourceTree = "<group>"; };
		84C7D78629BB7CA500707B28 /* SignInServiceButton.swift */ = {isa = PBXFileReference; lastKnownFileType = sourcecode.swift; path = SignInServiceButton.swift; sourceTree = "<group>"; };
		84C7D78829BB7DA800707B28 /* Image+Extension.swift */ = {isa = PBXFileReference; lastKnownFileType = sourcecode.swift; path = "Image+Extension.swift"; sourceTree = "<group>"; };
		84C7D78A29BB812300707B28 /* SingInServiceStack.swift */ = {isa = PBXFileReference; lastKnownFileType = sourcecode.swift; path = SingInServiceStack.swift; sourceTree = "<group>"; };
		84C7D78C29BB81C900707B28 /* SignInView.swift */ = {isa = PBXFileReference; lastKnownFileType = sourcecode.swift; path = SignInView.swift; sourceTree = "<group>"; };
		84C7D79229BCDF5C00707B28 /* PasswordSecureField.swift */ = {isa = PBXFileReference; lastKnownFileType = sourcecode.swift; path = PasswordSecureField.swift; sourceTree = "<group>"; };
		84C7D79429BCED7C00707B28 /* LogInTextFieldStack.swift */ = {isa = PBXFileReference; lastKnownFileType = sourcecode.swift; path = LogInTextFieldStack.swift; sourceTree = "<group>"; };
		84C7D79729BCF00000707B28 /* LogInStack.swift */ = {isa = PBXFileReference; lastKnownFileType = sourcecode.swift; path = LogInStack.swift; sourceTree = "<group>"; };
		84C7D79B29BCF14100707B28 /* TitleStyleText.swift */ = {isa = PBXFileReference; lastKnownFileType = sourcecode.swift; path = TitleStyleText.swift; sourceTree = "<group>"; };
		84C7D79D29BCF21100707B28 /* BigButtonView.swift */ = {isa = PBXFileReference; lastKnownFileType = sourcecode.swift; path = BigButtonView.swift; sourceTree = "<group>"; };
		84C7D79F29BCF2A300707B28 /* LogInView.swift */ = {isa = PBXFileReference; lastKnownFileType = sourcecode.swift; path = LogInView.swift; sourceTree = "<group>"; };
		84C7D7A129BDEB3600707B28 /* TabBarButton.swift */ = {isa = PBXFileReference; lastKnownFileType = sourcecode.swift; path = TabBarButton.swift; sourceTree = "<group>"; };
		84C7D7A429BDEE2100707B28 /* TabBarView.swift */ = {isa = PBXFileReference; lastKnownFileType = sourcecode.swift; path = TabBarView.swift; sourceTree = "<group>"; };
		84C7D7A629BDF9A700707B28 /* RoundedCornerShape.swift */ = {isa = PBXFileReference; lastKnownFileType = sourcecode.swift; path = RoundedCornerShape.swift; sourceTree = "<group>"; };
		84C7D7AB29BE330E00707B28 /* PhotoCircleView.swift */ = {isa = PBXFileReference; lastKnownFileType = sourcecode.swift; path = PhotoCircleView.swift; sourceTree = "<group>"; };
		84F6E21B29BB5B51000B05D7 /* SShop.app */ = {isa = PBXFileReference; explicitFileType = wrapper.application; includeInIndex = 0; path = SShop.app; sourceTree = BUILT_PRODUCTS_DIR; };
		84F6E21E29BB5B51000B05D7 /* SShopApp.swift */ = {isa = PBXFileReference; lastKnownFileType = sourcecode.swift; path = SShopApp.swift; sourceTree = "<group>"; };
		84F6E22029BB5B51000B05D7 /* ContentView.swift */ = {isa = PBXFileReference; lastKnownFileType = sourcecode.swift; path = ContentView.swift; sourceTree = "<group>"; };
		84F6E22229BB5B52000B05D7 /* Assets.xcassets */ = {isa = PBXFileReference; lastKnownFileType = folder.assetcatalog; path = Assets.xcassets; sourceTree = "<group>"; };
		84F6E22529BB5B52000B05D7 /* Preview Assets.xcassets */ = {isa = PBXFileReference; lastKnownFileType = folder.assetcatalog; path = "Preview Assets.xcassets"; sourceTree = "<group>"; };
/* End PBXFileReference section */

/* Begin PBXFrameworksBuildPhase section */
		84F6E21829BB5B51000B05D7 /* Frameworks */ = {
			isa = PBXFrameworksBuildPhase;
			buildActionMask = 2147483647;
			files = (
			);
			runOnlyForDeploymentPostprocessing = 0;
		};
/* End PBXFrameworksBuildPhase section */

/* Begin PBXGroup section */
		84C7D74329BB5C8600707B28 /* Fonts */ = {
			isa = PBXGroup;
			children = (
				84C7D75129BB5CBA00707B28 /* Montserrat-Black.ttf */,
				84C7D74F29BB5CBA00707B28 /* Montserrat-Bold.ttf */,
				84C7D75329BB5CBA00707B28 /* Montserrat-ExtraBold.ttf */,
				84C7D75229BB5CBA00707B28 /* Montserrat-ExtraLight.ttf */,
				84C7D74A29BB5CBA00707B28 /* Montserrat-Light.ttf */,
				84C7D74E29BB5CBA00707B28 /* Montserrat-Medium.ttf */,
				84C7D75429BB5CBA00707B28 /* Montserrat-Regular.ttf */,
				84C7D74B29BB5CBA00707B28 /* Montserrat-SemiBold.ttf */,
				84C7D74C29BB5CBA00707B28 /* Montserrat-Thin.ttf */,
			);
			path = Fonts;
			sourceTree = "<group>";
		};
		84C7D76829BB5CD300707B28 /* Extension */ = {
			isa = PBXGroup;
			children = (
				84C7D78829BB7DA800707B28 /* Image+Extension.swift */,
				84C7D76929BB5CE400707B28 /* Font+Extension.swift */,
				84C7D77129BB66A100707B28 /* Color+Extension.swift */,
				84C7D77329BB6B9E00707B28 /* View+Extension.swift */,
				84C7D7A629BDF9A700707B28 /* RoundedCornerShape.swift */,
			);
			path = Extension;
			sourceTree = "<group>";
		};
		84C7D76C29BB5F0D00707B28 /* Resources */ = {
			isa = PBXGroup;
			children = (
				84C7D74329BB5C8600707B28 /* Fonts */,
				84C7D76D29BB60A200707B28 /* Info.plist */,
				84F6E22229BB5B52000B05D7 /* Assets.xcassets */,
			);
			path = Resources;
			sourceTree = "<group>";
		};
		84C7D77529BB6F8500707B28 /* CustomViews */ = {
			isa = PBXGroup;
			children = (
				84C7D7A329BDEE0D00707B28 /* TabBarView */,
				84C7D77729BB6F9900707B28 /* Views */,
				84C7D77629BB6F8F00707B28 /* Configurations */,
			);
			path = CustomViews;
			sourceTree = "<group>";
		};
		84C7D77629BB6F8F00707B28 /* Configurations */ = {
			isa = PBXGroup;
			children = (
				84C7D77A29BB714300707B28 /* BigButtonStyle.swift */,
				84C7D77829BB6FBD00707B28 /* OvalTextFieldStyle.swift */,
			);
			path = Configurations;
			sourceTree = "<group>";
		};
		84C7D77729BB6F9900707B28 /* Views */ = {
			isa = PBXGroup;
			children = (
				84C7D79229BCDF5C00707B28 /* PasswordSecureField.swift */,
				84C7D76F29BB634500707B28 /* MainTextField.swift */,
				84C7D79B29BCF14100707B28 /* TitleStyleText.swift */,
				84C7D79D29BCF21100707B28 /* BigButtonView.swift */,
				84C7D7AB29BE330E00707B28 /* PhotoCircleView.swift */,
			);
			path = Views;
			sourceTree = "<group>";
		};
		84C7D77C29BB791800707B28 /* Sources */ = {
			isa = PBXGroup;
			children = (
				84C7D76829BB5CD300707B28 /* Extension */,
				84C7D77529BB6F8500707B28 /* CustomViews */,
				84C7D77D29BB793800707B28 /* Scenes */,
			);
			path = Sources;
			sourceTree = "<group>";
		};
		84C7D77D29BB793800707B28 /* Scenes */ = {
			isa = PBXGroup;
			children = (
				84C7D7A829BE32E400707B28 /* Page1 */,
				84C7D79029BCDCF200707B28 /* LogInScene */,
				84C7D77E29BB794300707B28 /* SignInScene */,
			);
			path = Scenes;
			sourceTree = "<group>";
		};
		84C7D77E29BB794300707B28 /* SignInScene */ = {
			isa = PBXGroup;
			children = (
				84C7D78329BB799800707B28 /* Model */,
				84C7D77F29BB794E00707B28 /* View */,
			);
			path = SignInScene;
			sourceTree = "<group>";
		};
		84C7D77F29BB794E00707B28 /* View */ = {
			isa = PBXGroup;
			children = (
				84C7D78029BB795800707B28 /* ViewParts */,
				84C7D78C29BB81C900707B28 /* SignInView.swift */,
			);
			path = View;
			sourceTree = "<group>";
		};
		84C7D78029BB795800707B28 /* ViewParts */ = {
			isa = PBXGroup;
			children = (
				84C7D78129BB797000707B28 /* TextFieldsStack.swift */,
				84C7D78629BB7CA500707B28 /* SignInServiceButton.swift */,
				84C7D78A29BB812300707B28 /* SingInServiceStack.swift */,
				84C7D79729BCF00000707B28 /* LogInStack.swift */,
			);
			path = ViewParts;
			sourceTree = "<group>";
		};
		84C7D78329BB799800707B28 /* Model */ = {
			isa = PBXGroup;
			children = (
				84C7D78429BB79C000707B28 /* InputProfileModel.swift */,
			);
			path = Model;
			sourceTree = "<group>";
		};
		84C7D79029BCDCF200707B28 /* LogInScene */ = {
			isa = PBXGroup;
			children = (
				84C7D79129BCDCFA00707B28 /* View */,
			);
			path = LogInScene;
			sourceTree = "<group>";
		};
		84C7D79129BCDCFA00707B28 /* View */ = {
			isa = PBXGroup;
			children = (
				84C7D79F29BCF2A300707B28 /* LogInView.swift */,
				84C7D79629BCED9900707B28 /* ViewParts */,
			);
			path = View;
			sourceTree = "<group>";
		};
		84C7D79629BCED9900707B28 /* ViewParts */ = {
			isa = PBXGroup;
			children = (
				84C7D79429BCED7C00707B28 /* LogInTextFieldStack.swift */,
			);
			path = ViewParts;
			sourceTree = "<group>";
		};
		84C7D7A329BDEE0D00707B28 /* TabBarView */ = {
			isa = PBXGroup;
			children = (
				84C7D7A129BDEB3600707B28 /* TabBarButton.swift */,
				84C7D7A429BDEE2100707B28 /* TabBarView.swift */,
			);
			path = TabBarView;
			sourceTree = "<group>";
		};
		84C7D7A829BE32E400707B28 /* Page1 */ = {
			isa = PBXGroup;
			children = (
				84C7D7A929BE32EB00707B28 /* View */,
			);
			path = Page1;
			sourceTree = "<group>";
		};
		84C7D7A929BE32EB00707B28 /* View */ = {
			isa = PBXGroup;
			children = (
			);
			path = View;
			sourceTree = "<group>";
		};
		84F6E21229BB5B51000B05D7 = {
			isa = PBXGroup;
			children = (
				84F6E21D29BB5B51000B05D7 /* SShop */,
				84F6E21C29BB5B51000B05D7 /* Products */,
			);
			sourceTree = "<group>";
		};
		84F6E21C29BB5B51000B05D7 /* Products */ = {
			isa = PBXGroup;
			children = (
				84F6E21B29BB5B51000B05D7 /* SShop.app */,
			);
			name = Products;
			sourceTree = "<group>";
		};
		84F6E21D29BB5B51000B05D7 /* SShop */ = {
			isa = PBXGroup;
			children = (
				84F6E22429BB5B52000B05D7 /* Preview Content */,
				84C7D76C29BB5F0D00707B28 /* Resources */,
				84C7D77C29BB791800707B28 /* Sources */,
				84F6E21E29BB5B51000B05D7 /* SShopApp.swift */,
				84F6E22029BB5B51000B05D7 /* ContentView.swift */,
			);
			path = SShop;
			sourceTree = "<group>";
		};
		84F6E22429BB5B52000B05D7 /* Preview Content */ = {
			isa = PBXGroup;
			children = (
				84F6E22529BB5B52000B05D7 /* Preview Assets.xcassets */,
			);
			path = "Preview Content";
			sourceTree = "<group>";
		};
/* End PBXGroup section */

/* Begin PBXNativeTarget section */
		84F6E21A29BB5B51000B05D7 /* SShop */ = {
			isa = PBXNativeTarget;
			buildConfigurationList = 84F6E22929BB5B52000B05D7 /* Build configuration list for PBXNativeTarget "SShop" */;
			buildPhases = (
				84F6E21729BB5B51000B05D7 /* Sources */,
				84F6E21829BB5B51000B05D7 /* Frameworks */,
				84F6E21929BB5B51000B05D7 /* Resources */,
			);
			buildRules = (
			);
			dependencies = (
			);
			name = SShop;
			productName = SShop;
			productReference = 84F6E21B29BB5B51000B05D7 /* SShop.app */;
			productType = "com.apple.product-type.application";
		};
/* End PBXNativeTarget section */

/* Begin PBXProject section */
		84F6E21329BB5B51000B05D7 /* Project object */ = {
			isa = PBXProject;
			attributes = {
				BuildIndependentTargetsInParallel = 1;
				LastSwiftUpdateCheck = 1420;
				LastUpgradeCheck = 1420;
				TargetAttributes = {
					84F6E21A29BB5B51000B05D7 = {
						CreatedOnToolsVersion = 14.2;
					};
				};
			};
			buildConfigurationList = 84F6E21629BB5B51000B05D7 /* Build configuration list for PBXProject "SShop" */;
			compatibilityVersion = "Xcode 14.0";
			developmentRegion = en;
			hasScannedForEncodings = 0;
			knownRegions = (
				en,
				Base,
			);
			mainGroup = 84F6E21229BB5B51000B05D7;
			productRefGroup = 84F6E21C29BB5B51000B05D7 /* Products */;
			projectDirPath = "";
			projectRoot = "";
			targets = (
				84F6E21A29BB5B51000B05D7 /* SShop */,
			);
		};
/* End PBXProject section */

/* Begin PBXResourcesBuildPhase section */
		84F6E21929BB5B51000B05D7 /* Resources */ = {
			isa = PBXResourcesBuildPhase;
			buildActionMask = 2147483647;
			files = (
				84C7D76429BB5CBA00707B28 /* Montserrat-ExtraLight.ttf in Resources */,
				84C7D75C29BB5CBA00707B28 /* Montserrat-Light.ttf in Resources */,
				84C7D75D29BB5CBA00707B28 /* Montserrat-SemiBold.ttf in Resources */,
				84C7D76629BB5CBA00707B28 /* Montserrat-Regular.ttf in Resources */,
				84C7D76529BB5CBA00707B28 /* Montserrat-ExtraBold.ttf in Resources */,
				84C7D76129BB5CBA00707B28 /* Montserrat-Bold.ttf in Resources */,
				84C7D76329BB5CBA00707B28 /* Montserrat-Black.ttf in Resources */,
				84C7D75E29BB5CBA00707B28 /* Montserrat-Thin.ttf in Resources */,
				84F6E22629BB5B52000B05D7 /* Preview Assets.xcassets in Resources */,
				84C7D76029BB5CBA00707B28 /* Montserrat-Medium.ttf in Resources */,
				84F6E22329BB5B52000B05D7 /* Assets.xcassets in Resources */,
			);
			runOnlyForDeploymentPostprocessing = 0;
		};
/* End PBXResourcesBuildPhase section */

/* Begin PBXSourcesBuildPhase section */
		84F6E21729BB5B51000B05D7 /* Sources */ = {
			isa = PBXSourcesBuildPhase;
			buildActionMask = 2147483647;
			files = (
				84C7D78729BB7CA500707B28 /* SignInServiceButton.swift in Sources */,
				84C7D78529BB79C000707B28 /* InputProfileModel.swift in Sources */,
				84C7D79C29BCF14100707B28 /* TitleStyleText.swift in Sources */,
				84C7D79E29BCF21100707B28 /* BigButtonView.swift in Sources */,
				84C7D77029BB634500707B28 /* MainTextField.swift in Sources */,
				84C7D79529BCED7C00707B28 /* LogInTextFieldStack.swift in Sources */,
				84C7D79829BCF00000707B28 /* LogInStack.swift in Sources */,
				84C7D7AC29BE330E00707B28 /* PhotoCircleView.swift in Sources */,
				84C7D77B29BB714300707B28 /* BigButtonStyle.swift in Sources */,
				84C7D79329BCDF5C00707B28 /* PasswordSecureField.swift in Sources */,
				84C7D7A729BDF9A700707B28 /* RoundedCornerShape.swift in Sources */,
				84C7D78B29BB812300707B28 /* SingInServiceStack.swift in Sources */,
				84C7D7A029BCF2A300707B28 /* LogInView.swift in Sources */,
				84C7D7A229BDEB3600707B28 /* TabBarButton.swift in Sources */,
				84C7D7A529BDEE2100707B28 /* TabBarView.swift in Sources */,
				84C7D76A29BB5CE400707B28 /* Font+Extension.swift in Sources */,
				84F6E22129BB5B51000B05D7 /* ContentView.swift in Sources */,
				84C7D78229BB797000707B28 /* TextFieldsStack.swift in Sources */,
				84C7D78D29BB81C900707B28 /* SignInView.swift in Sources */,
				84C7D77929BB6FBD00707B28 /* OvalTextFieldStyle.swift in Sources */,
				84F6E21F29BB5B51000B05D7 /* SShopApp.swift in Sources */,
				84C7D77429BB6B9E00707B28 /* View+Extension.swift in Sources */,
				84C7D77229BB66A100707B28 /* Color+Extension.swift in Sources */,
				84C7D78929BB7DA800707B28 /* Image+Extension.swift in Sources */,
			);
			runOnlyForDeploymentPostprocessing = 0;
		};
/* End PBXSourcesBuildPhase section */

/* Begin XCBuildConfiguration section */
		84F6E22729BB5B52000B05D7 /* Debug */ = {
			isa = XCBuildConfiguration;
			buildSettings = {
				ALWAYS_SEARCH_USER_PATHS = NO;
				CLANG_ANALYZER_NONNULL = YES;
				CLANG_ANALYZER_NUMBER_OBJECT_CONVERSION = YES_AGGRESSIVE;
				CLANG_CXX_LANGUAGE_STANDARD = "gnu++20";
				CLANG_ENABLE_MODULES = YES;
				CLANG_ENABLE_OBJC_ARC = YES;
				CLANG_ENABLE_OBJC_WEAK = YES;
				CLANG_WARN_BLOCK_CAPTURE_AUTORELEASING = YES;
				CLANG_WARN_BOOL_CONVERSION = YES;
				CLANG_WARN_COMMA = YES;
				CLANG_WARN_CONSTANT_CONVERSION = YES;
				CLANG_WARN_DEPRECATED_OBJC_IMPLEMENTATIONS = YES;
				CLANG_WARN_DIRECT_OBJC_ISA_USAGE = YES_ERROR;
				CLANG_WARN_DOCUMENTATION_COMMENTS = YES;
				CLANG_WARN_EMPTY_BODY = YES;
				CLANG_WARN_ENUM_CONVERSION = YES;
				CLANG_WARN_INFINITE_RECURSION = YES;
				CLANG_WARN_INT_CONVERSION = YES;
				CLANG_WARN_NON_LITERAL_NULL_CONVERSION = YES;
				CLANG_WARN_OBJC_IMPLICIT_RETAIN_SELF = YES;
				CLANG_WARN_OBJC_LITERAL_CONVERSION = YES;
				CLANG_WARN_OBJC_ROOT_CLASS = YES_ERROR;
				CLANG_WARN_QUOTED_INCLUDE_IN_FRAMEWORK_HEADER = YES;
				CLANG_WARN_RANGE_LOOP_ANALYSIS = YES;
				CLANG_WARN_STRICT_PROTOTYPES = YES;
				CLANG_WARN_SUSPICIOUS_MOVE = YES;
				CLANG_WARN_UNGUARDED_AVAILABILITY = YES_AGGRESSIVE;
				CLANG_WARN_UNREACHABLE_CODE = YES;
				CLANG_WARN__DUPLICATE_METHOD_MATCH = YES;
				COPY_PHASE_STRIP = NO;
				DEBUG_INFORMATION_FORMAT = dwarf;
				ENABLE_STRICT_OBJC_MSGSEND = YES;
				ENABLE_TESTABILITY = YES;
				GCC_C_LANGUAGE_STANDARD = gnu11;
				GCC_DYNAMIC_NO_PIC = NO;
				GCC_NO_COMMON_BLOCKS = YES;
				GCC_OPTIMIZATION_LEVEL = 0;
				GCC_PREPROCESSOR_DEFINITIONS = (
					"DEBUG=1",
					"$(inherited)",
				);
				GCC_WARN_64_TO_32_BIT_CONVERSION = YES;
				GCC_WARN_ABOUT_RETURN_TYPE = YES_ERROR;
				GCC_WARN_UNDECLARED_SELECTOR = YES;
				GCC_WARN_UNINITIALIZED_AUTOS = YES_AGGRESSIVE;
				GCC_WARN_UNUSED_FUNCTION = YES;
				GCC_WARN_UNUSED_VARIABLE = YES;
				IPHONEOS_DEPLOYMENT_TARGET = 16.2;
				MTL_ENABLE_DEBUG_INFO = INCLUDE_SOURCE;
				MTL_FAST_MATH = YES;
				ONLY_ACTIVE_ARCH = YES;
				SDKROOT = iphoneos;
				SWIFT_ACTIVE_COMPILATION_CONDITIONS = DEBUG;
				SWIFT_OPTIMIZATION_LEVEL = "-Onone";
			};
			name = Debug;
		};
		84F6E22829BB5B52000B05D7 /* Release */ = {
			isa = XCBuildConfiguration;
			buildSettings = {
				ALWAYS_SEARCH_USER_PATHS = NO;
				CLANG_ANALYZER_NONNULL = YES;
				CLANG_ANALYZER_NUMBER_OBJECT_CONVERSION = YES_AGGRESSIVE;
				CLANG_CXX_LANGUAGE_STANDARD = "gnu++20";
				CLANG_ENABLE_MODULES = YES;
				CLANG_ENABLE_OBJC_ARC = YES;
				CLANG_ENABLE_OBJC_WEAK = YES;
				CLANG_WARN_BLOCK_CAPTURE_AUTORELEASING = YES;
				CLANG_WARN_BOOL_CONVERSION = YES;
				CLANG_WARN_COMMA = YES;
				CLANG_WARN_CONSTANT_CONVERSION = YES;
				CLANG_WARN_DEPRECATED_OBJC_IMPLEMENTATIONS = YES;
				CLANG_WARN_DIRECT_OBJC_ISA_USAGE = YES_ERROR;
				CLANG_WARN_DOCUMENTATION_COMMENTS = YES;
				CLANG_WARN_EMPTY_BODY = YES;
				CLANG_WARN_ENUM_CONVERSION = YES;
				CLANG_WARN_INFINITE_RECURSION = YES;
				CLANG_WARN_INT_CONVERSION = YES;
				CLANG_WARN_NON_LITERAL_NULL_CONVERSION = YES;
				CLANG_WARN_OBJC_IMPLICIT_RETAIN_SELF = YES;
				CLANG_WARN_OBJC_LITERAL_CONVERSION = YES;
				CLANG_WARN_OBJC_ROOT_CLASS = YES_ERROR;
				CLANG_WARN_QUOTED_INCLUDE_IN_FRAMEWORK_HEADER = YES;
				CLANG_WARN_RANGE_LOOP_ANALYSIS = YES;
				CLANG_WARN_STRICT_PROTOTYPES = YES;
				CLANG_WARN_SUSPICIOUS_MOVE = YES;
				CLANG_WARN_UNGUARDED_AVAILABILITY = YES_AGGRESSIVE;
				CLANG_WARN_UNREACHABLE_CODE = YES;
				CLANG_WARN__DUPLICATE_METHOD_MATCH = YES;
				COPY_PHASE_STRIP = NO;
				DEBUG_INFORMATION_FORMAT = "dwarf-with-dsym";
				ENABLE_NS_ASSERTIONS = NO;
				ENABLE_STRICT_OBJC_MSGSEND = YES;
				GCC_C_LANGUAGE_STANDARD = gnu11;
				GCC_NO_COMMON_BLOCKS = YES;
				GCC_WARN_64_TO_32_BIT_CONVERSION = YES;
				GCC_WARN_ABOUT_RETURN_TYPE = YES_ERROR;
				GCC_WARN_UNDECLARED_SELECTOR = YES;
				GCC_WARN_UNINITIALIZED_AUTOS = YES_AGGRESSIVE;
				GCC_WARN_UNUSED_FUNCTION = YES;
				GCC_WARN_UNUSED_VARIABLE = YES;
				IPHONEOS_DEPLOYMENT_TARGET = 16.2;
				MTL_ENABLE_DEBUG_INFO = NO;
				MTL_FAST_MATH = YES;
				SDKROOT = iphoneos;
				SWIFT_COMPILATION_MODE = wholemodule;
				SWIFT_OPTIMIZATION_LEVEL = "-O";
				VALIDATE_PRODUCT = YES;
			};
			name = Release;
		};
		84F6E22A29BB5B52000B05D7 /* Debug */ = {
			isa = XCBuildConfiguration;
			buildSettings = {
				ASSETCATALOG_COMPILER_APPICON_NAME = AppIcon;
				ASSETCATALOG_COMPILER_GLOBAL_ACCENT_COLOR_NAME = AccentColor;
				CODE_SIGN_STYLE = Automatic;
				CURRENT_PROJECT_VERSION = 1;
				DEVELOPMENT_ASSET_PATHS = "\"SShop/Preview Content\"";
				ENABLE_PREVIEWS = YES;
				GENERATE_INFOPLIST_FILE = YES;
				INFOPLIST_FILE = SShop/Resources/Info.plist;
				INFOPLIST_KEY_UIApplicationSceneManifest_Generation = YES;
				INFOPLIST_KEY_UIApplicationSupportsIndirectInputEvents = YES;
				INFOPLIST_KEY_UILaunchScreen_Generation = YES;
				INFOPLIST_KEY_UISupportedInterfaceOrientations_iPad = "UIInterfaceOrientationPortrait UIInterfaceOrientationPortraitUpsideDown UIInterfaceOrientationLandscapeLeft UIInterfaceOrientationLandscapeRight";
				INFOPLIST_KEY_UISupportedInterfaceOrientations_iPhone = "UIInterfaceOrientationPortrait UIInterfaceOrientationLandscapeLeft UIInterfaceOrientationLandscapeRight";
				LD_RUNPATH_SEARCH_PATHS = (
					"$(inherited)",
					"@executable_path/Frameworks",
				);
				MARKETING_VERSION = 1.0;
				PRODUCT_BUNDLE_IDENTIFIER = com.ViktopIN.SShop;
				PRODUCT_NAME = "$(TARGET_NAME)";
				SWIFT_EMIT_LOC_STRINGS = YES;
				SWIFT_VERSION = 5.0;
				TARGETED_DEVICE_FAMILY = "1,2";
			};
			name = Debug;
		};
		84F6E22B29BB5B52000B05D7 /* Release */ = {
			isa = XCBuildConfiguration;
			buildSettings = {
				ASSETCATALOG_COMPILER_APPICON_NAME = AppIcon;
				ASSETCATALOG_COMPILER_GLOBAL_ACCENT_COLOR_NAME = AccentColor;
				CODE_SIGN_STYLE = Automatic;
				CURRENT_PROJECT_VERSION = 1;
				DEVELOPMENT_ASSET_PATHS = "\"SShop/Preview Content\"";
				ENABLE_PREVIEWS = YES;
				GENERATE_INFOPLIST_FILE = YES;
				INFOPLIST_FILE = SShop/Resources/Info.plist;
				INFOPLIST_KEY_UIApplicationSceneManifest_Generation = YES;
				INFOPLIST_KEY_UIApplicationSupportsIndirectInputEvents = YES;
				INFOPLIST_KEY_UILaunchScreen_Generation = YES;
				INFOPLIST_KEY_UISupportedInterfaceOrientations_iPad = "UIInterfaceOrientationPortrait UIInterfaceOrientationPortraitUpsideDown UIInterfaceOrientationLandscapeLeft UIInterfaceOrientationLandscapeRight";
				INFOPLIST_KEY_UISupportedInterfaceOrientations_iPhone = "UIInterfaceOrientationPortrait UIInterfaceOrientationLandscapeLeft UIInterfaceOrientationLandscapeRight";
				LD_RUNPATH_SEARCH_PATHS = (
					"$(inherited)",
					"@executable_path/Frameworks",
				);
				MARKETING_VERSION = 1.0;
				PRODUCT_BUNDLE_IDENTIFIER = com.ViktopIN.SShop;
				PRODUCT_NAME = "$(TARGET_NAME)";
				SWIFT_EMIT_LOC_STRINGS = YES;
				SWIFT_VERSION = 5.0;
				TARGETED_DEVICE_FAMILY = "1,2";
			};
			name = Release;
		};
/* End XCBuildConfiguration section */

/* Begin XCConfigurationList section */
		84F6E21629BB5B51000B05D7 /* Build configuration list for PBXProject "SShop" */ = {
			isa = XCConfigurationList;
			buildConfigurations = (
				84F6E22729BB5B52000B05D7 /* Debug */,
				84F6E22829BB5B52000B05D7 /* Release */,
			);
			defaultConfigurationIsVisible = 0;
			defaultConfigurationName = Release;
		};
		84F6E22929BB5B52000B05D7 /* Build configuration list for PBXNativeTarget "SShop" */ = {
			isa = XCConfigurationList;
			buildConfigurations = (
				84F6E22A29BB5B52000B05D7 /* Debug */,
				84F6E22B29BB5B52000B05D7 /* Release */,
			);
			defaultConfigurationIsVisible = 0;
			defaultConfigurationName = Release;
		};
/* End XCConfigurationList section */
	};
	rootObject = 84F6E21329BB5B51000B05D7 /* Project object */;
}
